// !$*UTF8*$!
{
	archiveVersion = 1;
	classes = {
	};
	objectVersion = 50;
	objects = {

/* Begin PBXBuildFile section */
		5F3E918F24B6E5D1009C89F9 /* Overlay.swift in Sources */ = {isa = PBXBuildFile; fileRef = 5F3E918E24B6E5D1009C89F9 /* Overlay.swift */; };
		5F3E919124B6E5DF009C89F9 /* MainScene.swift in Sources */ = {isa = PBXBuildFile; fileRef = 5F3E919024B6E5DF009C89F9 /* MainScene.swift */; };
		9000486224B3CF2D00817581 /* AppDelegate.swift in Sources */ = {isa = PBXBuildFile; fileRef = 9000486124B3CF2D00817581 /* AppDelegate.swift */; };
		9000486624B3CF2D00817581 /* GameViewController.swift in Sources */ = {isa = PBXBuildFile; fileRef = 9000486524B3CF2D00817581 /* GameViewController.swift */; };
		9000486924B3CF2D00817581 /* Main.storyboard in Resources */ = {isa = PBXBuildFile; fileRef = 9000486724B3CF2D00817581 /* Main.storyboard */; };
		9000486B24B3CF2F00817581 /* Assets.xcassets in Resources */ = {isa = PBXBuildFile; fileRef = 9000486A24B3CF2F00817581 /* Assets.xcassets */; };
		9000486E24B3CF2F00817581 /* LaunchScreen.storyboard in Resources */ = {isa = PBXBuildFile; fileRef = 9000486C24B3CF2F00817581 /* LaunchScreen.storyboard */; };
		9000487624B3D63600817581 /* art.scnassets in Resources */ = {isa = PBXBuildFile; fileRef = 9000487524B3D63600817581 /* art.scnassets */; };
		9000487B24B3DF7E00817581 /* Bird.swift in Sources */ = {isa = PBXBuildFile; fileRef = 9000487A24B3DF7E00817581 /* Bird.swift */; };
		9028740024B6FEE400D80352 /* Main.swift in Sources */ = {isa = PBXBuildFile; fileRef = 902873FF24B6FEE400D80352 /* Main.swift */; };
		904BA9CB24B693B0003CB465 /* User.swift in Sources */ = {isa = PBXBuildFile; fileRef = 904BA9CA24B693B0003CB465 /* User.swift */; };
		9054FE5624B4FE6E0068FB1C /* Pipe.swift in Sources */ = {isa = PBXBuildFile; fileRef = 9054FE5524B4FE6E0068FB1C /* Pipe.swift */; };
/* End PBXBuildFile section */

/* Begin PBXFileReference section */
		5F3E918E24B6E5D1009C89F9 /* Overlay.swift */ = {isa = PBXFileReference; fileEncoding = 4; lastKnownFileType = sourcecode.swift; path = Overlay.swift; sourceTree = "<group>"; };
		5F3E919024B6E5DF009C89F9 /* MainScene.swift */ = {isa = PBXFileReference; fileEncoding = 4; lastKnownFileType = sourcecode.swift; path = MainScene.swift; sourceTree = "<group>"; };
		9000485E24B3CF2D00817581 /* FlappyClone.app */ = {isa = PBXFileReference; explicitFileType = wrapper.application; includeInIndex = 0; path = FlappyClone.app; sourceTree = BUILT_PRODUCTS_DIR; };
		9000486124B3CF2D00817581 /* AppDelegate.swift */ = {isa = PBXFileReference; lastKnownFileType = sourcecode.swift; path = AppDelegate.swift; sourceTree = "<group>"; };
		9000486524B3CF2D00817581 /* GameViewController.swift */ = {isa = PBXFileReference; lastKnownFileType = sourcecode.swift; path = GameViewController.swift; sourceTree = "<group>"; };
		9000486824B3CF2D00817581 /* Base */ = {isa = PBXFileReference; lastKnownFileType = file.storyboard; name = Base; path = Base.lproj/Main.storyboard; sourceTree = "<group>"; };
		9000486A24B3CF2F00817581 /* Assets.xcassets */ = {isa = PBXFileReference; lastKnownFileType = folder.assetcatalog; path = Assets.xcassets; sourceTree = "<group>"; };
		9000486D24B3CF2F00817581 /* Base */ = {isa = PBXFileReference; lastKnownFileType = file.storyboard; name = Base; path = Base.lproj/LaunchScreen.storyboard; sourceTree = "<group>"; };
		9000486F24B3CF2F00817581 /* Info.plist */ = {isa = PBXFileReference; lastKnownFileType = text.plist.xml; path = Info.plist; sourceTree = "<group>"; };
		9000487524B3D63600817581 /* art.scnassets */ = {isa = PBXFileReference; lastKnownFileType = wrapper.scnassets; path = art.scnassets; sourceTree = "<group>"; };
		9000487A24B3DF7E00817581 /* Bird.swift */ = {isa = PBXFileReference; lastKnownFileType = sourcecode.swift; path = Bird.swift; sourceTree = "<group>"; };
		902873FF24B6FEE400D80352 /* Main.swift */ = {isa = PBXFileReference; lastKnownFileType = sourcecode.swift; path = Main.swift; sourceTree = "<group>"; };
		904BA9CA24B693B0003CB465 /* User.swift */ = {isa = PBXFileReference; lastKnownFileType = sourcecode.swift; path = User.swift; sourceTree = "<group>"; };
		9054FE5524B4FE6E0068FB1C /* Pipe.swift */ = {isa = PBXFileReference; lastKnownFileType = sourcecode.swift; path = Pipe.swift; sourceTree = "<group>"; };
/* End PBXFileReference section */

/* Begin PBXFrameworksBuildPhase section */
		9000485B24B3CF2D00817581 /* Frameworks */ = {
			isa = PBXFrameworksBuildPhase;
			buildActionMask = 2147483647;
			files = (
			);
			runOnlyForDeploymentPostprocessing = 0;
		};
/* End PBXFrameworksBuildPhase section */

/* Begin PBXGroup section */
		9000485524B3CF2D00817581 = {
			isa = PBXGroup;
			children = (
				9000486024B3CF2D00817581 /* FlappyClone */,
				9000485F24B3CF2D00817581 /* Products */,
			);
			sourceTree = "<group>";
		};
		9000485F24B3CF2D00817581 /* Products */ = {
			isa = PBXGroup;
			children = (
				9000485E24B3CF2D00817581 /* FlappyClone.app */,
			);
			name = Products;
			sourceTree = "<group>";
		};
		9000486024B3CF2D00817581 /* FlappyClone */ = {
			isa = PBXGroup;
			children = (
				5F3E919024B6E5DF009C89F9 /* MainScene.swift */,
				902873FF24B6FEE400D80352 /* Main.swift */,
				9000487724B3DF2D00817581 /* Models */,
				9000486124B3CF2D00817581 /* AppDelegate.swift */,
				9000486524B3CF2D00817581 /* GameViewController.swift */,
				9000486724B3CF2D00817581 /* Main.storyboard */,
				9000486A24B3CF2F00817581 /* Assets.xcassets */,
				9000487524B3D63600817581 /* art.scnassets */,
				9000486C24B3CF2F00817581 /* LaunchScreen.storyboard */,
				9000486F24B3CF2F00817581 /* Info.plist */,
			);
			path = FlappyClone;
			sourceTree = "<group>";
		};
		9000487724B3DF2D00817581 /* Models */ = {
			isa = PBXGroup;
			children = (
				5F3E918E24B6E5D1009C89F9 /* Overlay.swift */,
				9000487A24B3DF7E00817581 /* Bird.swift */,
				9054FE5524B4FE6E0068FB1C /* Pipe.swift */,
				904BA9CA24B693B0003CB465 /* User.swift */,
			);
			path = Models;
			sourceTree = "<group>";
		};
/* End PBXGroup section */

/* Begin PBXNativeTarget section */
		9000485D24B3CF2D00817581 /* FlappyClone */ = {
			isa = PBXNativeTarget;
			buildConfigurationList = 9000487224B3CF2F00817581 /* Build configuration list for PBXNativeTarget "FlappyClone" */;
			buildPhases = (
				9000485A24B3CF2D00817581 /* Sources */,
				9000485B24B3CF2D00817581 /* Frameworks */,
				9000485C24B3CF2D00817581 /* Resources */,
			);
			buildRules = (
			);
			dependencies = (
			);
			name = FlappyClone;
			productName = FlappyClone;
			productReference = 9000485E24B3CF2D00817581 /* FlappyClone.app */;
			productType = "com.apple.product-type.application";
		};
/* End PBXNativeTarget section */

/* Begin PBXProject section */
		9000485624B3CF2D00817581 /* Project object */ = {
			isa = PBXProject;
			attributes = {
				LastSwiftUpdateCheck = 1150;
				LastUpgradeCheck = 1150;
				ORGANIZATIONNAME = "Omar Olmos";
				TargetAttributes = {
					9000485D24B3CF2D00817581 = {
						CreatedOnToolsVersion = 11.5;
					};
				};
			};
			buildConfigurationList = 9000485924B3CF2D00817581 /* Build configuration list for PBXProject "FlappyClone" */;
			compatibilityVersion = "Xcode 9.3";
			developmentRegion = en;
			hasScannedForEncodings = 0;
			knownRegions = (
				en,
				Base,
			);
			mainGroup = 9000485524B3CF2D00817581;
			productRefGroup = 9000485F24B3CF2D00817581 /* Products */;
			projectDirPath = "";
			projectRoot = "";
			targets = (
				9000485D24B3CF2D00817581 /* FlappyClone */,
			);
		};
/* End PBXProject section */

/* Begin PBXResourcesBuildPhase section */
		9000485C24B3CF2D00817581 /* Resources */ = {
			isa = PBXResourcesBuildPhase;
			buildActionMask = 2147483647;
			files = (
				9000486E24B3CF2F00817581 /* LaunchScreen.storyboard in Resources */,
				9000487624B3D63600817581 /* art.scnassets in Resources */,
				9000486B24B3CF2F00817581 /* Assets.xcassets in Resources */,
				9000486924B3CF2D00817581 /* Main.storyboard in Resources */,
			);
			runOnlyForDeploymentPostprocessing = 0;
		};
/* End PBXResourcesBuildPhase section */

/* Begin PBXSourcesBuildPhase section */
		9000485A24B3CF2D00817581 /* Sources */ = {
			isa = PBXSourcesBuildPhase;
			buildActionMask = 2147483647;
			files = (
				9028740024B6FEE400D80352 /* Main.swift in Sources */,
				9000486624B3CF2D00817581 /* GameViewController.swift in Sources */,
				9000487B24B3DF7E00817581 /* Bird.swift in Sources */,
				9000486224B3CF2D00817581 /* AppDelegate.swift in Sources */,
				5F3E919124B6E5DF009C89F9 /* MainScene.swift in Sources */,
				904BA9CB24B693B0003CB465 /* User.swift in Sources */,
				5F3E918F24B6E5D1009C89F9 /* Overlay.swift in Sources */,
				9054FE5624B4FE6E0068FB1C /* Pipe.swift in Sources */,
			);
			runOnlyForDeploymentPostprocessing = 0;
		};
/* End PBXSourcesBuildPhase section */

/* Begin PBXVariantGroup section */
		9000486724B3CF2D00817581 /* Main.storyboard */ = {
			isa = PBXVariantGroup;
			children = (
				9000486824B3CF2D00817581 /* Base */,
			);
			name = Main.storyboard;
			sourceTree = "<group>";
		};
		9000486C24B3CF2F00817581 /* LaunchScreen.storyboard */ = {
			isa = PBXVariantGroup;
			children = (
				9000486D24B3CF2F00817581 /* Base */,
			);
			name = LaunchScreen.storyboard;
			sourceTree = "<group>";
		};
/* End PBXVariantGroup section */

/* Begin XCBuildConfiguration section */
		9000487024B3CF2F00817581 /* Debug */ = {
			isa = XCBuildConfiguration;
			buildSettings = {
				ALWAYS_SEARCH_USER_PATHS = NO;
				CLANG_ANALYZER_NONNULL = YES;
				CLANG_ANALYZER_NUMBER_OBJECT_CONVERSION = YES_AGGRESSIVE;
				CLANG_CXX_LANGUAGE_STANDARD = "gnu++14";
				CLANG_CXX_LIBRARY = "libc++";
				CLANG_ENABLE_MODULES = YES;
				CLANG_ENABLE_OBJC_ARC = YES;
				CLANG_ENABLE_OBJC_WEAK = YES;
				CLANG_WARN_BLOCK_CAPTURE_AUTORELEASING = YES;
				CLANG_WARN_BOOL_CONVERSION = YES;
				CLANG_WARN_COMMA = YES;
				CLANG_WARN_CONSTANT_CONVERSION = YES;
				CLANG_WARN_DEPRECATED_OBJC_IMPLEMENTATIONS = YES;
				CLANG_WARN_DIRECT_OBJC_ISA_USAGE = YES_ERROR;
				CLANG_WARN_DOCUMENTATION_COMMENTS = YES;
				CLANG_WARN_EMPTY_BODY = YES;
				CLANG_WARN_ENUM_CONVERSION = YES;
				CLANG_WARN_INFINITE_RECURSION = YES;
				CLANG_WARN_INT_CONVERSION = YES;
				CLANG_WARN_NON_LITERAL_NULL_CONVERSION = YES;
				CLANG_WARN_OBJC_IMPLICIT_RETAIN_SELF = YES;
				CLANG_WARN_OBJC_LITERAL_CONVERSION = YES;
				CLANG_WARN_OBJC_ROOT_CLASS = YES_ERROR;
				CLANG_WARN_RANGE_LOOP_ANALYSIS = YES;
				CLANG_WARN_STRICT_PROTOTYPES = YES;
				CLANG_WARN_SUSPICIOUS_MOVE = YES;
				CLANG_WARN_UNGUARDED_AVAILABILITY = YES_AGGRESSIVE;
				CLANG_WARN_UNREACHABLE_CODE = YES;
				CLANG_WARN__DUPLICATE_METHOD_MATCH = YES;
				COPY_PHASE_STRIP = NO;
				DEBUG_INFORMATION_FORMAT = dwarf;
				ENABLE_STRICT_OBJC_MSGSEND = YES;
				ENABLE_TESTABILITY = YES;
				GCC_C_LANGUAGE_STANDARD = gnu11;
				GCC_DYNAMIC_NO_PIC = NO;
				GCC_NO_COMMON_BLOCKS = YES;
				GCC_OPTIMIZATION_LEVEL = 0;
				GCC_PREPROCESSOR_DEFINITIONS = (
					"DEBUG=1",
					"$(inherited)",
				);
				GCC_WARN_64_TO_32_BIT_CONVERSION = YES;
				GCC_WARN_ABOUT_RETURN_TYPE = YES_ERROR;
				GCC_WARN_UNDECLARED_SELECTOR = YES;
				GCC_WARN_UNINITIALIZED_AUTOS = YES_AGGRESSIVE;
				GCC_WARN_UNUSED_FUNCTION = YES;
				GCC_WARN_UNUSED_VARIABLE = YES;
				IPHONEOS_DEPLOYMENT_TARGET = 13.5;
				MTL_ENABLE_DEBUG_INFO = INCLUDE_SOURCE;
				MTL_FAST_MATH = YES;
				ONLY_ACTIVE_ARCH = YES;
				SDKROOT = iphoneos;
				SWIFT_ACTIVE_COMPILATION_CONDITIONS = DEBUG;
				SWIFT_OPTIMIZATION_LEVEL = "-Onone";
			};
			name = Debug;
		};
		9000487124B3CF2F00817581 /* Release */ = {
			isa = XCBuildConfiguration;
			buildSettings = {
				ALWAYS_SEARCH_USER_PATHS = NO;
				CLANG_ANALYZER_NONNULL = YES;
				CLANG_ANALYZER_NUMBER_OBJECT_CONVERSION = YES_AGGRESSIVE;
				CLANG_CXX_LANGUAGE_STANDARD = "gnu++14";
				CLANG_CXX_LIBRARY = "libc++";
				CLANG_ENABLE_MODULES = YES;
				CLANG_ENABLE_OBJC_ARC = YES;
				CLANG_ENABLE_OBJC_WEAK = YES;
				CLANG_WARN_BLOCK_CAPTURE_AUTORELEASING = YES;
				CLANG_WARN_BOOL_CONVERSION = YES;
				CLANG_WARN_COMMA = YES;
				CLANG_WARN_CONSTANT_CONVERSION = YES;
				CLANG_WARN_DEPRECATED_OBJC_IMPLEMENTATIONS = YES;
				CLANG_WARN_DIRECT_OBJC_ISA_USAGE = YES_ERROR;
				CLANG_WARN_DOCUMENTATION_COMMENTS = YES;
				CLANG_WARN_EMPTY_BODY = YES;
				CLANG_WARN_ENUM_CONVERSION = YES;
				CLANG_WARN_INFINITE_RECURSION = YES;
				CLANG_WARN_INT_CONVERSION = YES;
				CLANG_WARN_NON_LITERAL_NULL_CONVERSION = YES;
				CLANG_WARN_OBJC_IMPLICIT_RETAIN_SELF = YES;
				CLANG_WARN_OBJC_LITERAL_CONVERSION = YES;
				CLANG_WARN_OBJC_ROOT_CLASS = YES_ERROR;
				CLANG_WARN_RANGE_LOOP_ANALYSIS = YES;
				CLANG_WARN_STRICT_PROTOTYPES = YES;
				CLANG_WARN_SUSPICIOUS_MOVE = YES;
				CLANG_WARN_UNGUARDED_AVAILABILITY = YES_AGGRESSIVE;
				CLANG_WARN_UNREACHABLE_CODE = YES;
				CLANG_WARN__DUPLICATE_METHOD_MATCH = YES;
				COPY_PHASE_STRIP = NO;
				DEBUG_INFORMATION_FORMAT = "dwarf-with-dsym";
				ENABLE_NS_ASSERTIONS = NO;
				ENABLE_STRICT_OBJC_MSGSEND = YES;
				GCC_C_LANGUAGE_STANDARD = gnu11;
				GCC_NO_COMMON_BLOCKS = YES;
				GCC_WARN_64_TO_32_BIT_CONVERSION = YES;
				GCC_WARN_ABOUT_RETURN_TYPE = YES_ERROR;
				GCC_WARN_UNDECLARED_SELECTOR = YES;
				GCC_WARN_UNINITIALIZED_AUTOS = YES_AGGRESSIVE;
				GCC_WARN_UNUSED_FUNCTION = YES;
				GCC_WARN_UNUSED_VARIABLE = YES;
				IPHONEOS_DEPLOYMENT_TARGET = 13.5;
				MTL_ENABLE_DEBUG_INFO = NO;
				MTL_FAST_MATH = YES;
				SDKROOT = iphoneos;
				SWIFT_COMPILATION_MODE = wholemodule;
				SWIFT_OPTIMIZATION_LEVEL = "-O";
				VALIDATE_PRODUCT = YES;
			};
			name = Release;
		};
		9000487324B3CF2F00817581 /* Debug */ = {
			isa = XCBuildConfiguration;
			buildSettings = {
				ASSETCATALOG_COMPILER_APPICON_NAME = AppIcon;
				CODE_SIGN_STYLE = Automatic;
				DEVELOPMENT_TEAM = MZ735S9CUK;
				INFOPLIST_FILE = FlappyClone/Info.plist;
				IPHONEOS_DEPLOYMENT_TARGET = 12.1;
				LD_RUNPATH_SEARCH_PATHS = (
					"$(inherited)",
					"@executable_path/Frameworks",
				);
				PRODUCT_BUNDLE_IDENTIFIER = OmarOlmos.FlappyClone;
				PRODUCT_NAME = "$(TARGET_NAME)";
				SWIFT_VERSION = 5.0;
				TARGETED_DEVICE_FAMILY = "1,2";
			};
			name = Debug;
		};
		9000487424B3CF2F00817581 /* Release */ = {
			isa = XCBuildConfiguration;
			buildSettings = {
				ASSETCATALOG_COMPILER_APPICON_NAME = AppIcon;
				CODE_SIGN_STYLE = Automatic;
				DEVELOPMENT_TEAM = MZ735S9CUK;
				INFOPLIST_FILE = FlappyClone/Info.plist;
				IPHONEOS_DEPLOYMENT_TARGET = 12.1;
				LD_RUNPATH_SEARCH_PATHS = (
					"$(inherited)",
					"@executable_path/Frameworks",
				);
				PRODUCT_BUNDLE_IDENTIFIER = OmarOlmos.FlappyClone;
				PRODUCT_NAME = "$(TARGET_NAME)";
				SWIFT_VERSION = 5.0;
				TARGETED_DEVICE_FAMILY = "1,2";
			};
			name = Release;
		};
/* End XCBuildConfiguration section */

/* Begin XCConfigurationList section */
		9000485924B3CF2D00817581 /* Build configuration list for PBXProject "FlappyClone" */ = {
			isa = XCConfigurationList;
			buildConfigurations = (
				9000487024B3CF2F00817581 /* Debug */,
				9000487124B3CF2F00817581 /* Release */,
			);
			defaultConfigurationIsVisible = 0;
			defaultConfigurationName = Release;
		};
		9000487224B3CF2F00817581 /* Build configuration list for PBXNativeTarget "FlappyClone" */ = {
			isa = XCConfigurationList;
			buildConfigurations = (
				9000487324B3CF2F00817581 /* Debug */,
				9000487424B3CF2F00817581 /* Release */,
			);
			defaultConfigurationIsVisible = 0;
			defaultConfigurationName = Release;
		};
/* End XCConfigurationList section */
	};
	rootObject = 9000485624B3CF2D00817581 /* Project object */;
}
